
Microsoft Visual Studio Solution File, Format Version 12.00
# Visual Studio 15
VisualStudioVersion = 15.0.27703.2042
MinimumVisualStudioVersion = 10.0.40219.1
Project("{FAE04EC0-301F-11D3-BF4B-00C04F79EFBC}") = "GanttControlDemoApp", "GanttControlDemoApp\GanttControlDemoApp.csproj", "{A1202FD9-9646-4F7F-AC2C-4756D0BF1B28}"
EndProject
Global
	GlobalSection(SolutionConfigurationPlatforms) = preSolution
		Debug|Any CPU = Debug|Any CPU
		Release|Any CPU = Release|Any CPU
	EndGlobalSection
	GlobalSection(ProjectConfigurationPlatforms) = postSolution
		{A1202FD9-9646-4F7F-AC2C-4756D0BF1B28}.Debug|Any CPU.ActiveCfg = Debug|Any CPU
		{A1202FD9-9646-4F7F-AC2C-4756D0BF1B28}.Debug|Any CPU.Build.0 = Debug|Any CPU
		{A1202FD9-9646-4F7F-AC2C-4756D0BF1B28}.Release|Any CPU.ActiveCfg = Release|Any CPU
		{A1202FD9-9646-4F7F-AC2C-4756D0BF1B28}.Release|Any CPU.Build.0 = Release|Any CPU
	EndGlobalSection
	GlobalSection(SolutionProperties) = preSolution
		HideSolutionNode = FALSE
	EndGlobalSection
	GlobalSection(ExtensibilityGlobals) = postSolution
		SolutionGuid = {3AF3F8F6-BE5E-4DB4-A52A-246A5729531B}
	EndGlobalSection
EndGlobal
